
Microsoft Visual Studio Solution File, Format Version 12.00
# Visual Studio Version 17
VisualStudioVersion = 17.8.34316.72
MinimumVisualStudioVersion = 10.0.40219.1
Project("{9A19103F-16F7-4668-BE54-9A1E7A4F7556}") = "FluentMappingApi", "FluentMappingApi.csproj", "{D58A3A20-99D2-47D3-AF2E-FC738BFAF33C}"
EndProject
Global
	GlobalSection(SolutionConfigurationPlatforms) = preSolution
		Debug|Any CPU = Debug|Any CPU
		Release|Any CPU = Release|Any CPU
	EndGlobalSection
	GlobalSection(ProjectConfigurationPlatforms) = postSolution
		{D58A3A20-99D2-47D3-AF2E-FC738BFAF33C}.Debug|Any CPU.ActiveCfg = Debug|Any CPU
		{D58A3A20-99D2-47D3-AF2E-FC738BFAF33C}.Debug|Any CPU.Build.0 = Debug|Any CPU
		{D58A3A20-99D2-47D3-AF2E-FC738BFAF33C}.Release|Any CPU.ActiveCfg = Release|Any CPU
		{D58A3A20-99D2-47D3-AF2E-FC738BFAF33C}.Release|Any CPU.Build.0 = Release|Any CPU
	EndGlobalSection
	GlobalSection(SolutionProperties) = preSolution
		HideSolutionNode = FALSE
	EndGlobalSection
	GlobalSection(ExtensibilityGlobals) = postSolution
		SolutionGuid = {C4258E0B-50FE-4B7C-ACF3-B4ADDA58B02D}
	EndGlobalSection
EndGlobal
